
Microsoft Visual Studio Solution File, Format Version 12.00
# Visual Studio 15
Project("{FAE04EC0-301F-11D3-BF4B-00C04F79EFBC}") = "Assembly-CSharp", "Assembly-CSharp.csproj", "{DD1CBCA7-ED6C-D6B7-0AA7-A0027CE07772}"
EndProject
Project("{FAE04EC0-301F-11D3-BF4B-00C04F79EFBC}") = "Assembly-CSharp-Editor", "Assembly-CSharp-Editor.csproj", "{7E5DEFD9-3091-0E4E-8F23-0374095B5399}"
EndProject
Global
	GlobalSection(SolutionConfigurationPlatforms) = preSolution
		Debug|Any CPU = Debug|Any CPU
		Release|Any CPU = Release|Any CPU
	EndGlobalSection
	GlobalSection(ProjectConfigurationPlatforms) = postSolution
		{DD1CBCA7-ED6C-D6B7-0AA7-A0027CE07772}.Debug|Any CPU.ActiveCfg = Debug|Any CPU
		{DD1CBCA7-ED6C-D6B7-0AA7-A0027CE07772}.Debug|Any CPU.Build.0 = Debug|Any CPU
		{DD1CBCA7-ED6C-D6B7-0AA7-A0027CE07772}.Release|Any CPU.ActiveCfg = Release|Any CPU
		{DD1CBCA7-ED6C-D6B7-0AA7-A0027CE07772}.Release|Any CPU.Build.0 = Release|Any CPU
		{7E5DEFD9-3091-0E4E-8F23-0374095B5399}.Debug|Any CPU.ActiveCfg = Debug|Any CPU
		{7E5DEFD9-3091-0E4E-8F23-0374095B5399}.Debug|Any CPU.Build.0 = Debug|Any CPU
		{7E5DEFD9-3091-0E4E-8F23-0374095B5399}.Release|Any CPU.ActiveCfg = Release|Any CPU
		{7E5DEFD9-3091-0E4E-8F23-0374095B5399}.Release|Any CPU.Build.0 = Release|Any CPU
	EndGlobalSection
	GlobalSection(SolutionProperties) = preSolution
		HideSolutionNode = FALSE
	EndGlobalSection
EndGlobal
