
Microsoft Visual Studio Solution File, Format Version 12.00
# Visual Studio 15
Project("{FAE04EC0-301F-11D3-BF4B-00C04F79EFBC}") = "Assembly-CSharp", "Assembly-CSharp.csproj", "{77DF004E-8B82-EAFF-ED5E-86B0CC5B47C4}"
EndProject
Project("{FAE04EC0-301F-11D3-BF4B-00C04F79EFBC}") = "Assembly-CSharp-Editor", "Assembly-CSharp-Editor.csproj", "{CF97FC77-A4FB-4183-77D4-C0AB7ACD9F05}"
EndProject
Global
	GlobalSection(SolutionConfigurationPlatforms) = preSolution
		Debug|Any CPU = Debug|Any CPU
		Release|Any CPU = Release|Any CPU
	EndGlobalSection
	GlobalSection(ProjectConfigurationPlatforms) = postSolution
		{77DF004E-8B82-EAFF-ED5E-86B0CC5B47C4}.Debug|Any CPU.ActiveCfg = Debug|Any CPU
		{77DF004E-8B82-EAFF-ED5E-86B0CC5B47C4}.Debug|Any CPU.Build.0 = Debug|Any CPU
		{77DF004E-8B82-EAFF-ED5E-86B0CC5B47C4}.Release|Any CPU.ActiveCfg = Release|Any CPU
		{77DF004E-8B82-EAFF-ED5E-86B0CC5B47C4}.Release|Any CPU.Build.0 = Release|Any CPU
		{CF97FC77-A4FB-4183-77D4-C0AB7ACD9F05}.Debug|Any CPU.ActiveCfg = Debug|Any CPU
		{CF97FC77-A4FB-4183-77D4-C0AB7ACD9F05}.Debug|Any CPU.Build.0 = Debug|Any CPU
		{CF97FC77-A4FB-4183-77D4-C0AB7ACD9F05}.Release|Any CPU.ActiveCfg = Release|Any CPU
		{CF97FC77-A4FB-4183-77D4-C0AB7ACD9F05}.Release|Any CPU.Build.0 = Release|Any CPU
	EndGlobalSection
	GlobalSection(SolutionProperties) = preSolution
		HideSolutionNode = FALSE
	EndGlobalSection
EndGlobal
